
Microsoft Visual Studio Solution File, Format Version 11.00
# Visual Studio 2010
Project("{888888A0-9F3D-457C-B088-3A5042F75D52}") = "ConsoleApp", "ConsoleApp\ConsoleApp.pyproj", "{197F1736-EEF0-4F71-8B9B-EE29C6B401F8}"
EndProject
Global
	GlobalSection(TeamFoundationVersionControl) = preSolution
		SccNumberOfProjects = 2
		SccEnterpriseProvider = {4CA58AB2-18FA-4F8D-95D4-32DDF27D184C}
		SccTeamFoundationServer = https://tfs.codeplex.com/tfs/tfs25
		SccLocalPath0 = .
		SccProjectUniqueName1 = ConsoleApp\\ConsoleApp.pyproj
		SccProjectName1 = ConsoleApp
		SccLocalPath1 = ConsoleApp
	EndGlobalSection
	GlobalSection(SolutionConfigurationPlatforms) = preSolution
		Debug|Any CPU = Debug|Any CPU
		Release|Any CPU = Release|Any CPU
	EndGlobalSection
	GlobalSection(ProjectConfigurationPlatforms) = postSolution
		{197F1736-EEF0-4F71-8B9B-EE29C6B401F8}.Debug|Any CPU.ActiveCfg = Debug|Any CPU
		{197F1736-EEF0-4F71-8B9B-EE29C6B401F8}.Debug|Any CPU.Build.0 = Debug|Any CPU
		{197F1736-EEF0-4F71-8B9B-EE29C6B401F8}.Release|Any CPU.ActiveCfg = Release|Any CPU
		{197F1736-EEF0-4F71-8B9B-EE29C6B401F8}.Release|Any CPU.Build.0 = Release|Any CPU
	EndGlobalSection
	GlobalSection(SolutionProperties) = preSolution
		HideSolutionNode = FALSE
	EndGlobalSection
EndGlobal
