
Microsoft Visual Studio Solution File, Format Version 11.00
# Visual Studio 2010
Project("{2150E333-8FDC-42A3-9474-1A3956D46DE8}") = "Solution Items", "Solution Items", "{A3DF7E84-4A53-4E24-AC29-1C1D0603F39C}"
	ProjectSection(SolutionItems) = preProject
		Local.testsettings = Local.testsettings
		MyCode.snippet = MyCode.snippet
		Route56.vsmdi = Route56.vsmdi
		TraceAndTestImpact.testsettings = TraceAndTestImpact.testsettings
	EndProjectSection
EndProject
Project("{FAE04EC0-301F-11D3-BF4B-00C04F79EFBC}") = "TCProblemParser", "TCProblemParser\TCProblemParser.csproj", "{71DF52BF-5BDB-420B-8C01-984E5F240866}"
EndProject
Project("{FAE04EC0-301F-11D3-BF4B-00C04F79EFBC}") = "Geometry", "Geometry\Geometry.csproj", "{163C0652-472C-42A8-B941-44577CA9DB90}"
EndProject
Project("{FAE04EC0-301F-11D3-BF4B-00C04F79EFBC}") = "NumberSystem", "NumberSystem\NumberSystem.csproj", "{5A262533-8D0B-4601-9F52-B74994697915}"
EndProject
Project("{FAE04EC0-301F-11D3-BF4B-00C04F79EFBC}") = "NumberSystem.Test", "NumberSystem.Test\NumberSystem.Test.csproj", "{E3A587DC-0B63-4A6F-B96E-D3AC16E700D2}"
EndProject
Project("{2150E333-8FDC-42A3-9474-1A3956D46DE8}") = "Library", "Library", "{181D1300-5018-4497-B4F7-ED31D3BCD025}"
EndProject
Project("{2150E333-8FDC-42A3-9474-1A3956D46DE8}") = "Tutorials", "Tutorials", "{2AEAF857-3E82-428D-A351-B6AC11CC5D6E}"
EndProject
Project("{FAE04EC0-301F-11D3-BF4B-00C04F79EFBC}") = "Tutorial", "RegexProblems\Tutorial.csproj", "{AC56E9C9-D787-46CE-B233-2C26CFAF4CCC}"
EndProject
Project("{FAE04EC0-301F-11D3-BF4B-00C04F79EFBC}") = "QuickTester", "QuickTester\QuickTester.csproj", "{7292B354-C92E-4E5E-9F9F-2488DAFC18D4}"
EndProject
Global
	GlobalSection(TeamFoundationVersionControl) = preSolution
		SccNumberOfProjects = 7
		SccEnterpriseProvider = {4CA58AB2-18FA-4F8D-95D4-32DDF27D184C}
		SccTeamFoundationServer = https://tfs.codeplex.com/tfs/tfs25
		SccLocalPath0 = .
		SccProjectUniqueName1 = TCProblemParser\\TCProblemParser.csproj
		SccProjectName1 = TCProblemParser
		SccLocalPath1 = TCProblemParser
		SccProjectUniqueName2 = Geometry\\Geometry.csproj
		SccProjectTopLevelParentUniqueName2 = Route56.sln
		SccProjectName2 = Geometry
		SccLocalPath2 = Geometry
		SccProjectUniqueName3 = NumberSystem\\NumberSystem.csproj
		SccProjectTopLevelParentUniqueName3 = Route56.sln
		SccProjectName3 = NumberSystem
		SccLocalPath3 = NumberSystem
		SccProjectUniqueName4 = NumberSystem.Test\\NumberSystem.Test.csproj
		SccProjectTopLevelParentUniqueName4 = Route56.sln
		SccProjectName4 = NumberSystem.Test
		SccLocalPath4 = NumberSystem.Test
		SccProjectUniqueName5 = QuickTester\\QuickTester.csproj
		SccProjectName5 = QuickTester
		SccLocalPath5 = QuickTester
		SccProjectUniqueName6 = RegexProblems\\Tutorial.csproj
		SccProjectTopLevelParentUniqueName6 = Route56.sln
		SccProjectName6 = RegexProblems
		SccLocalPath6 = RegexProblems
	EndGlobalSection
	GlobalSection(TestCaseManagementSettings) = postSolution
		CategoryFile = Route56.vsmdi
	EndGlobalSection
	GlobalSection(SolutionConfigurationPlatforms) = preSolution
		Debug|Any CPU = Debug|Any CPU
		Debug|Mixed Platforms = Debug|Mixed Platforms
		Debug|x86 = Debug|x86
		Release|Any CPU = Release|Any CPU
		Release|Mixed Platforms = Release|Mixed Platforms
		Release|x86 = Release|x86
	EndGlobalSection
	GlobalSection(ProjectConfigurationPlatforms) = postSolution
		{71DF52BF-5BDB-420B-8C01-984E5F240866}.Debug|Any CPU.ActiveCfg = Debug|Any CPU
		{71DF52BF-5BDB-420B-8C01-984E5F240866}.Debug|Any CPU.Build.0 = Debug|Any CPU
		{71DF52BF-5BDB-420B-8C01-984E5F240866}.Debug|Mixed Platforms.ActiveCfg = Debug|Any CPU
		{71DF52BF-5BDB-420B-8C01-984E5F240866}.Debug|Mixed Platforms.Build.0 = Debug|Any CPU
		{71DF52BF-5BDB-420B-8C01-984E5F240866}.Debug|x86.ActiveCfg = Debug|Any CPU
		{71DF52BF-5BDB-420B-8C01-984E5F240866}.Release|Any CPU.ActiveCfg = Release|Any CPU
		{71DF52BF-5BDB-420B-8C01-984E5F240866}.Release|Any CPU.Build.0 = Release|Any CPU
		{71DF52BF-5BDB-420B-8C01-984E5F240866}.Release|Mixed Platforms.ActiveCfg = Release|Any CPU
		{71DF52BF-5BDB-420B-8C01-984E5F240866}.Release|Mixed Platforms.Build.0 = Release|Any CPU
		{71DF52BF-5BDB-420B-8C01-984E5F240866}.Release|x86.ActiveCfg = Release|Any CPU
		{163C0652-472C-42A8-B941-44577CA9DB90}.Debug|Any CPU.ActiveCfg = Debug|Any CPU
		{163C0652-472C-42A8-B941-44577CA9DB90}.Debug|Any CPU.Build.0 = Debug|Any CPU
		{163C0652-472C-42A8-B941-44577CA9DB90}.Debug|Mixed Platforms.ActiveCfg = Debug|Any CPU
		{163C0652-472C-42A8-B941-44577CA9DB90}.Debug|Mixed Platforms.Build.0 = Debug|Any CPU
		{163C0652-472C-42A8-B941-44577CA9DB90}.Debug|x86.ActiveCfg = Debug|Any CPU
		{163C0652-472C-42A8-B941-44577CA9DB90}.Release|Any CPU.ActiveCfg = Release|Any CPU
		{163C0652-472C-42A8-B941-44577CA9DB90}.Release|Any CPU.Build.0 = Release|Any CPU
		{163C0652-472C-42A8-B941-44577CA9DB90}.Release|Mixed Platforms.ActiveCfg = Release|Any CPU
		{163C0652-472C-42A8-B941-44577CA9DB90}.Release|Mixed Platforms.Build.0 = Release|Any CPU
		{163C0652-472C-42A8-B941-44577CA9DB90}.Release|x86.ActiveCfg = Release|Any CPU
		{5A262533-8D0B-4601-9F52-B74994697915}.Debug|Any CPU.ActiveCfg = Debug|Any CPU
		{5A262533-8D0B-4601-9F52-B74994697915}.Debug|Any CPU.Build.0 = Debug|Any CPU
		{5A262533-8D0B-4601-9F52-B74994697915}.Debug|Mixed Platforms.ActiveCfg = Debug|Any CPU
		{5A262533-8D0B-4601-9F52-B74994697915}.Debug|Mixed Platforms.Build.0 = Debug|Any CPU
		{5A262533-8D0B-4601-9F52-B74994697915}.Debug|x86.ActiveCfg = Debug|Any CPU
		{5A262533-8D0B-4601-9F52-B74994697915}.Release|Any CPU.ActiveCfg = Release|Any CPU
		{5A262533-8D0B-4601-9F52-B74994697915}.Release|Any CPU.Build.0 = Release|Any CPU
		{5A262533-8D0B-4601-9F52-B74994697915}.Release|Mixed Platforms.ActiveCfg = Release|Any CPU
		{5A262533-8D0B-4601-9F52-B74994697915}.Release|Mixed Platforms.Build.0 = Release|Any CPU
		{5A262533-8D0B-4601-9F52-B74994697915}.Release|x86.ActiveCfg = Release|Any CPU
		{E3A587DC-0B63-4A6F-B96E-D3AC16E700D2}.Debug|Any CPU.ActiveCfg = Debug|Any CPU
		{E3A587DC-0B63-4A6F-B96E-D3AC16E700D2}.Debug|Any CPU.Build.0 = Debug|Any CPU
		{E3A587DC-0B63-4A6F-B96E-D3AC16E700D2}.Debug|Mixed Platforms.ActiveCfg = Debug|Any CPU
		{E3A587DC-0B63-4A6F-B96E-D3AC16E700D2}.Debug|Mixed Platforms.Build.0 = Debug|Any CPU
		{E3A587DC-0B63-4A6F-B96E-D3AC16E700D2}.Debug|x86.ActiveCfg = Debug|Any CPU
		{E3A587DC-0B63-4A6F-B96E-D3AC16E700D2}.Release|Any CPU.ActiveCfg = Release|Any CPU
		{E3A587DC-0B63-4A6F-B96E-D3AC16E700D2}.Release|Any CPU.Build.0 = Release|Any CPU
		{E3A587DC-0B63-4A6F-B96E-D3AC16E700D2}.Release|Mixed Platforms.ActiveCfg = Release|Any CPU
		{E3A587DC-0B63-4A6F-B96E-D3AC16E700D2}.Release|Mixed Platforms.Build.0 = Release|Any CPU
		{E3A587DC-0B63-4A6F-B96E-D3AC16E700D2}.Release|x86.ActiveCfg = Release|Any CPU
		{AC56E9C9-D787-46CE-B233-2C26CFAF4CCC}.Debug|Any CPU.ActiveCfg = Debug|Any CPU
		{AC56E9C9-D787-46CE-B233-2C26CFAF4CCC}.Debug|Any CPU.Build.0 = Debug|Any CPU
		{AC56E9C9-D787-46CE-B233-2C26CFAF4CCC}.Debug|Mixed Platforms.ActiveCfg = Debug|Any CPU
		{AC56E9C9-D787-46CE-B233-2C26CFAF4CCC}.Debug|Mixed Platforms.Build.0 = Debug|Any CPU
		{AC56E9C9-D787-46CE-B233-2C26CFAF4CCC}.Debug|x86.ActiveCfg = Debug|Any CPU
		{AC56E9C9-D787-46CE-B233-2C26CFAF4CCC}.Release|Any CPU.ActiveCfg = Release|Any CPU
		{AC56E9C9-D787-46CE-B233-2C26CFAF4CCC}.Release|Any CPU.Build.0 = Release|Any CPU
		{AC56E9C9-D787-46CE-B233-2C26CFAF4CCC}.Release|Mixed Platforms.ActiveCfg = Release|Any CPU
		{AC56E9C9-D787-46CE-B233-2C26CFAF4CCC}.Release|Mixed Platforms.Build.0 = Release|Any CPU
		{AC56E9C9-D787-46CE-B233-2C26CFAF4CCC}.Release|x86.ActiveCfg = Release|Any CPU
		{7292B354-C92E-4E5E-9F9F-2488DAFC18D4}.Debug|Any CPU.ActiveCfg = Debug|Any CPU
		{7292B354-C92E-4E5E-9F9F-2488DAFC18D4}.Debug|Any CPU.Build.0 = Debug|Any CPU
		{7292B354-C92E-4E5E-9F9F-2488DAFC18D4}.Debug|Mixed Platforms.ActiveCfg = Debug|Any CPU
		{7292B354-C92E-4E5E-9F9F-2488DAFC18D4}.Debug|Mixed Platforms.Build.0 = Debug|Any CPU
		{7292B354-C92E-4E5E-9F9F-2488DAFC18D4}.Debug|x86.ActiveCfg = Debug|Any CPU
		{7292B354-C92E-4E5E-9F9F-2488DAFC18D4}.Release|Any CPU.ActiveCfg = Release|Any CPU
		{7292B354-C92E-4E5E-9F9F-2488DAFC18D4}.Release|Any CPU.Build.0 = Release|Any CPU
		{7292B354-C92E-4E5E-9F9F-2488DAFC18D4}.Release|Mixed Platforms.ActiveCfg = Release|Any CPU
		{7292B354-C92E-4E5E-9F9F-2488DAFC18D4}.Release|Mixed Platforms.Build.0 = Release|Any CPU
		{7292B354-C92E-4E5E-9F9F-2488DAFC18D4}.Release|x86.ActiveCfg = Release|Any CPU
	EndGlobalSection
	GlobalSection(SolutionProperties) = preSolution
		HideSolutionNode = FALSE
	EndGlobalSection
	GlobalSection(NestedProjects) = preSolution
		{5A262533-8D0B-4601-9F52-B74994697915} = {181D1300-5018-4497-B4F7-ED31D3BCD025}
		{E3A587DC-0B63-4A6F-B96E-D3AC16E700D2} = {181D1300-5018-4497-B4F7-ED31D3BCD025}
		{163C0652-472C-42A8-B941-44577CA9DB90} = {181D1300-5018-4497-B4F7-ED31D3BCD025}
		{AC56E9C9-D787-46CE-B233-2C26CFAF4CCC} = {2AEAF857-3E82-428D-A351-B6AC11CC5D6E}
	EndGlobalSection
EndGlobal
