
Microsoft Visual Studio Solution File, Format Version 11.00
# Visual Studio 2010
Project("{FAE04EC0-301F-11D3-BF4B-00C04F79EFBC}") = "SRM164Div2", "SRM164Div2\SRM164Div2.csproj", "{B24A0462-CC43-4EEC-AE39-09155139D715}"
EndProject
Project("{FAE04EC0-301F-11D3-BF4B-00C04F79EFBC}") = "TestSRM164Div2", "TestJustifier\TestSRM164Div2.csproj", "{6E9B9C82-5051-4F1A-AA16-5135667CE6E9}"
EndProject
Project("{2150E333-8FDC-42A3-9474-1A3956D46DE8}") = "Solution Items", "Solution Items", "{A3DF7E84-4A53-4E24-AC29-1C1D0603F39C}"
	ProjectSection(SolutionItems) = preProject
		Local.testsettings = Local.testsettings
		Route56.vsmdi = Route56.vsmdi
		TraceAndTestImpact.testsettings = TraceAndTestImpact.testsettings
	EndProjectSection
EndProject
Project("{FAE04EC0-301F-11D3-BF4B-00C04F79EFBC}") = "MM68", "MM68\MM68.csproj", "{8F77A189-84E0-451B-97EB-056F3A456F60}"
EndProject
Project("{FAE04EC0-301F-11D3-BF4B-00C04F79EFBC}") = "SRM144Div1", "SRM144Div1\SRM144Div1.csproj", "{662087B1-13C4-4E54-B249-B0BE80D8C07E}"
EndProject
Project("{FAE04EC0-301F-11D3-BF4B-00C04F79EFBC}") = "SRM144Div1Test", "SRM144Div1Test\SRM144Div1Test.csproj", "{1107DA39-02AE-4B6A-A6AA-CAE77D76D560}"
EndProject
Project("{FAE04EC0-301F-11D3-BF4B-00C04F79EFBC}") = "SRM500Div1", "SRM500Div1\SRM500Div1.csproj", "{B1099541-722E-4EB5-8D1E-0B849E19861C}"
EndProject
Project("{FAE04EC0-301F-11D3-BF4B-00C04F79EFBC}") = "TestSRM500Div1", "TestSRM500Div1\TestSRM500Div1.csproj", "{985ABD0A-AFB8-4A85-93E9-8C17A876C857}"
EndProject
Project("{FAE04EC0-301F-11D3-BF4B-00C04F79EFBC}") = "TCProblemParser", "TCProblemParser\TCProblemParser.csproj", "{71DF52BF-5BDB-420B-8C01-984E5F240866}"
EndProject
Project("{FAE04EC0-301F-11D3-BF4B-00C04F79EFBC}") = "Geometry", "Geometry\Geometry.csproj", "{163C0652-472C-42A8-B941-44577CA9DB90}"
EndProject
Project("{FAE04EC0-301F-11D3-BF4B-00C04F79EFBC}") = "SRM211Div1", "SRM211Div1\SRM211Div1.csproj", "{09215824-230C-4E6A-8060-36CAD600699C}"
EndProject
Project("{FAE04EC0-301F-11D3-BF4B-00C04F79EFBC}") = "TestSRM211Div1", "TestSRM211Div1\TestSRM211Div1.csproj", "{4BA9E454-C822-4FFB-94CB-BECCCFD4B82A}"
EndProject
Project("{FAE04EC0-301F-11D3-BF4B-00C04F79EFBC}") = "SRM503Div2", "SRM503Div2\SRM503Div2.csproj", "{E89AC2C3-C621-4897-819B-F39D268C3B2A}"
EndProject
Project("{FAE04EC0-301F-11D3-BF4B-00C04F79EFBC}") = "SRM503", "SRM503\SRM503.csproj", "{F244EFEC-F3AA-46DD-8675-91507DB0233D}"
EndProject
Project("{FAE04EC0-301F-11D3-BF4B-00C04F79EFBC}") = "SRM502Div2", "SRM502Div2\SRM502Div2.csproj", "{6668028D-B327-49B4-8C1D-83A7158000FA}"
EndProject
Project("{FAE04EC0-301F-11D3-BF4B-00C04F79EFBC}") = "TestSRM502Div2", "TestSRM502Div2\TestSRM502Div2.csproj", "{AAFD7D5F-1D75-4A5F-B92F-EF289439D780}"
EndProject
Project("{FAE04EC0-301F-11D3-BF4B-00C04F79EFBC}") = "SRM504Div2", "SRM504Div2\SRM504Div2.csproj", "{A22105F1-ADCC-44AF-9E06-C83115104B8B}"
EndProject
Project("{FAE04EC0-301F-11D3-BF4B-00C04F79EFBC}") = "TestSRM504Div2", "TestSRM504Div2\TestSRM504Div2.csproj", "{021021F8-13F5-4298-97D2-D89B02D5BBFA}"
EndProject
Project("{FAE04EC0-301F-11D3-BF4B-00C04F79EFBC}") = "SRM505Div2", "SRM505Div2\SRM505Div2.csproj", "{BD47D23F-9685-46EA-8FE7-A55F96895B3D}"
EndProject
Project("{2150E333-8FDC-42A3-9474-1A3956D46DE8}") = "GCJ", "GCJ", "{7ADFDF0C-69D0-4D4A-A356-CDE08DDF9377}"
EndProject
Project("{FAE04EC0-301F-11D3-BF4B-00C04F79EFBC}") = "OCAA2011", "OCAA2011\OCAA2011.csproj", "{1CABB967-9E36-4DF5-8B1B-A5C780771F98}"
EndProject
Project("{FAE04EC0-301F-11D3-BF4B-00C04F79EFBC}") = "ProblemHelper", "ProblemHelper\ProblemHelper.csproj", "{EC5A13BE-6C11-4C43-8E44-553A318ED0BA}"
EndProject
Project("{FAE04EC0-301F-11D3-BF4B-00C04F79EFBC}") = "GCJSolveConsole", "GCJSolveConsole\GCJSolveConsole.csproj", "{CE591C94-BB03-4ED7-B3CE-62E93D6E8A7C}"
EndProject
Project("{FAE04EC0-301F-11D3-BF4B-00C04F79EFBC}") = "QR2011", "QR2011\QR2011.csproj", "{FFF88266-4682-4365-95EB-08DF2C6C0D73}"
EndProject
Project("{FAE04EC0-301F-11D3-BF4B-00C04F79EFBC}") = "GCJQR2011Tests", "GCJQR2011Tests\GCJQR2011Tests.csproj", "{33C09119-92FD-40C7-BE50-EA33C72974D4}"
EndProject
Project("{FAE04EC0-301F-11D3-BF4B-00C04F79EFBC}") = "SRM504.5Div2", "SRM504.5Div2\SRM504.5Div2.csproj", "{B6158B58-FB91-47D8-BF8F-DA2C1891BB33}"
EndProject
Project("{FAE04EC0-301F-11D3-BF4B-00C04F79EFBC}") = "SRM504.5.Test", "SRM504.5.Test\SRM504.5.Test.csproj", "{DAF54ECD-C3CB-4B1B-A222-AB17A1605782}"
EndProject
Project("{FAE04EC0-301F-11D3-BF4B-00C04F79EFBC}") = "TCO11QR2", "TCO11QR2\TCO11QR2.csproj", "{9AAAEDB7-49F2-4089-902D-B6889F647F98}"
EndProject
Global
	GlobalSection(TeamFoundationVersionControl) = preSolution
		SccNumberOfProjects = 27
		SccEnterpriseProvider = {4CA58AB2-18FA-4F8D-95D4-32DDF27D184C}
		SccTeamFoundationServer = https://tfs.codeplex.com/tfs/tfs25
		SccLocalPath0 = .
		SccProjectUniqueName1 = SRM164Div2\\SRM164Div2.csproj
		SccProjectName1 = SRM164Div2
		SccLocalPath1 = SRM164Div2
		SccProjectUniqueName2 = TestJustifier\\TestSRM164Div2.csproj
		SccProjectName2 = TestJustifier
		SccLocalPath2 = TestJustifier
		SccProjectUniqueName3 = MM68\\MM68.csproj
		SccProjectName3 = MM68
		SccLocalPath3 = MM68
		SccProjectUniqueName4 = SRM144Div1\\SRM144Div1.csproj
		SccProjectName4 = SRM144Div1
		SccLocalPath4 = SRM144Div1
		SccProjectUniqueName5 = SRM144Div1Test\\SRM144Div1Test.csproj
		SccProjectName5 = SRM144Div1Test
		SccLocalPath5 = SRM144Div1Test
		SccProjectUniqueName6 = SRM500Div1\\SRM500Div1.csproj
		SccProjectName6 = SRM500Div1
		SccLocalPath6 = SRM500Div1
		SccProjectUniqueName7 = TestSRM500Div1\\TestSRM500Div1.csproj
		SccProjectName7 = TestSRM500Div1
		SccLocalPath7 = TestSRM500Div1
		SccProjectUniqueName8 = TCProblemParser\\TCProblemParser.csproj
		SccProjectName8 = TCProblemParser
		SccLocalPath8 = TCProblemParser
		SccProjectUniqueName9 = Geometry\\Geometry.csproj
		SccProjectName9 = Geometry
		SccLocalPath9 = Geometry
		SccProjectUniqueName10 = SRM211Div1\\SRM211Div1.csproj
		SccProjectName10 = SRM211Div1
		SccLocalPath10 = SRM211Div1
		SccProjectUniqueName11 = TestSRM211Div1\\TestSRM211Div1.csproj
		SccProjectName11 = TestSRM211Div1
		SccLocalPath11 = TestSRM211Div1
		SccProjectUniqueName12 = SRM503Div2\\SRM503Div2.csproj
		SccProjectName12 = SRM503Div2
		SccLocalPath12 = SRM503Div2
		SccProjectUniqueName13 = SRM503\\SRM503.csproj
		SccProjectName13 = SRM503
		SccLocalPath13 = SRM503
		SccProjectUniqueName14 = SRM502Div2\\SRM502Div2.csproj
		SccProjectName14 = SRM502Div2
		SccLocalPath14 = SRM502Div2
		SccProjectUniqueName15 = TestSRM502Div2\\TestSRM502Div2.csproj
		SccProjectName15 = TestSRM502Div2
		SccLocalPath15 = TestSRM502Div2
		SccProjectUniqueName16 = SRM504Div2\\SRM504Div2.csproj
		SccProjectName16 = SRM504Div2
		SccLocalPath16 = SRM504Div2
		SccProjectUniqueName17 = TestSRM504Div2\\TestSRM504Div2.csproj
		SccProjectName17 = TestSRM504Div2
		SccLocalPath17 = TestSRM504Div2
		SccProjectUniqueName18 = SRM505Div2\\SRM505Div2.csproj
		SccProjectName18 = SRM505Div2
		SccLocalPath18 = SRM505Div2
		SccProjectUniqueName19 = OCAA2011\\OCAA2011.csproj
		SccProjectTopLevelParentUniqueName19 = Route56.sln
		SccProjectName19 = OCAA2011
		SccLocalPath19 = OCAA2011
		SccProjectUniqueName20 = ProblemHelper\\ProblemHelper.csproj
		SccProjectTopLevelParentUniqueName20 = Route56.sln
		SccProjectName20 = ProblemHelper
		SccLocalPath20 = ProblemHelper
		SccProjectUniqueName21 = GCJSolveConsole\\GCJSolveConsole.csproj
		SccProjectTopLevelParentUniqueName21 = Route56.sln
		SccProjectName21 = GCJSolveConsole
		SccLocalPath21 = GCJSolveConsole
		SccProjectUniqueName22 = QR2011\\QR2011.csproj
		SccProjectTopLevelParentUniqueName22 = Route56.sln
		SccProjectName22 = QR2011
		SccLocalPath22 = QR2011
		SccProjectUniqueName23 = GCJQR2011Tests\\GCJQR2011Tests.csproj
		SccProjectName23 = GCJQR2011Tests
		SccLocalPath23 = GCJQR2011Tests
		SccProjectUniqueName24 = SRM504.5Div2\\SRM504.5Div2.csproj
		SccProjectName24 = SRM504.5Div2
		SccLocalPath24 = SRM504.5Div2
		SccProjectUniqueName25 = SRM504.5.Test\\SRM504.5.Test.csproj
		SccProjectName25 = SRM504.5.Test
		SccLocalPath25 = SRM504.5.Test
		SccProjectUniqueName26 = TCO11QR2\\TCO11QR2.csproj
		SccProjectName26 = TCO11QR2
		SccLocalPath26 = TCO11QR2
	EndGlobalSection
	GlobalSection(TestCaseManagementSettings) = postSolution
		CategoryFile = Route56.vsmdi
	EndGlobalSection
	GlobalSection(SolutionConfigurationPlatforms) = preSolution
		Debug|Any CPU = Debug|Any CPU
		Debug|Mixed Platforms = Debug|Mixed Platforms
		Debug|x86 = Debug|x86
		Release|Any CPU = Release|Any CPU
		Release|Mixed Platforms = Release|Mixed Platforms
		Release|x86 = Release|x86
	EndGlobalSection
	GlobalSection(ProjectConfigurationPlatforms) = postSolution
		{B24A0462-CC43-4EEC-AE39-09155139D715}.Debug|Any CPU.ActiveCfg = Debug|Any CPU
		{B24A0462-CC43-4EEC-AE39-09155139D715}.Debug|Any CPU.Build.0 = Debug|Any CPU
		{B24A0462-CC43-4EEC-AE39-09155139D715}.Debug|Mixed Platforms.ActiveCfg = Debug|Any CPU
		{B24A0462-CC43-4EEC-AE39-09155139D715}.Debug|Mixed Platforms.Build.0 = Debug|Any CPU
		{B24A0462-CC43-4EEC-AE39-09155139D715}.Debug|x86.ActiveCfg = Debug|Any CPU
		{B24A0462-CC43-4EEC-AE39-09155139D715}.Release|Any CPU.ActiveCfg = Release|Any CPU
		{B24A0462-CC43-4EEC-AE39-09155139D715}.Release|Any CPU.Build.0 = Release|Any CPU
		{B24A0462-CC43-4EEC-AE39-09155139D715}.Release|Mixed Platforms.ActiveCfg = Release|Any CPU
		{B24A0462-CC43-4EEC-AE39-09155139D715}.Release|Mixed Platforms.Build.0 = Release|Any CPU
		{B24A0462-CC43-4EEC-AE39-09155139D715}.Release|x86.ActiveCfg = Release|Any CPU
		{6E9B9C82-5051-4F1A-AA16-5135667CE6E9}.Debug|Any CPU.ActiveCfg = Debug|Any CPU
		{6E9B9C82-5051-4F1A-AA16-5135667CE6E9}.Debug|Any CPU.Build.0 = Debug|Any CPU
		{6E9B9C82-5051-4F1A-AA16-5135667CE6E9}.Debug|Mixed Platforms.ActiveCfg = Debug|Any CPU
		{6E9B9C82-5051-4F1A-AA16-5135667CE6E9}.Debug|Mixed Platforms.Build.0 = Debug|Any CPU
		{6E9B9C82-5051-4F1A-AA16-5135667CE6E9}.Debug|x86.ActiveCfg = Debug|Any CPU
		{6E9B9C82-5051-4F1A-AA16-5135667CE6E9}.Release|Any CPU.ActiveCfg = Release|Any CPU
		{6E9B9C82-5051-4F1A-AA16-5135667CE6E9}.Release|Any CPU.Build.0 = Release|Any CPU
		{6E9B9C82-5051-4F1A-AA16-5135667CE6E9}.Release|Mixed Platforms.ActiveCfg = Release|Any CPU
		{6E9B9C82-5051-4F1A-AA16-5135667CE6E9}.Release|Mixed Platforms.Build.0 = Release|Any CPU
		{6E9B9C82-5051-4F1A-AA16-5135667CE6E9}.Release|x86.ActiveCfg = Release|Any CPU
		{8F77A189-84E0-451B-97EB-056F3A456F60}.Debug|Any CPU.ActiveCfg = Debug|Any CPU
		{8F77A189-84E0-451B-97EB-056F3A456F60}.Debug|Any CPU.Build.0 = Debug|Any CPU
		{8F77A189-84E0-451B-97EB-056F3A456F60}.Debug|Mixed Platforms.ActiveCfg = Debug|Any CPU
		{8F77A189-84E0-451B-97EB-056F3A456F60}.Debug|Mixed Platforms.Build.0 = Debug|Any CPU
		{8F77A189-84E0-451B-97EB-056F3A456F60}.Debug|x86.ActiveCfg = Debug|Any CPU
		{8F77A189-84E0-451B-97EB-056F3A456F60}.Release|Any CPU.ActiveCfg = Release|Any CPU
		{8F77A189-84E0-451B-97EB-056F3A456F60}.Release|Any CPU.Build.0 = Release|Any CPU
		{8F77A189-84E0-451B-97EB-056F3A456F60}.Release|Mixed Platforms.ActiveCfg = Release|Any CPU
		{8F77A189-84E0-451B-97EB-056F3A456F60}.Release|Mixed Platforms.Build.0 = Release|Any CPU
		{8F77A189-84E0-451B-97EB-056F3A456F60}.Release|x86.ActiveCfg = Release|Any CPU
		{662087B1-13C4-4E54-B249-B0BE80D8C07E}.Debug|Any CPU.ActiveCfg = Debug|Any CPU
		{662087B1-13C4-4E54-B249-B0BE80D8C07E}.Debug|Any CPU.Build.0 = Debug|Any CPU
		{662087B1-13C4-4E54-B249-B0BE80D8C07E}.Debug|Mixed Platforms.ActiveCfg = Debug|Any CPU
		{662087B1-13C4-4E54-B249-B0BE80D8C07E}.Debug|Mixed Platforms.Build.0 = Debug|Any CPU
		{662087B1-13C4-4E54-B249-B0BE80D8C07E}.Debug|x86.ActiveCfg = Debug|Any CPU
		{662087B1-13C4-4E54-B249-B0BE80D8C07E}.Release|Any CPU.ActiveCfg = Release|Any CPU
		{662087B1-13C4-4E54-B249-B0BE80D8C07E}.Release|Any CPU.Build.0 = Release|Any CPU
		{662087B1-13C4-4E54-B249-B0BE80D8C07E}.Release|Mixed Platforms.ActiveCfg = Release|Any CPU
		{662087B1-13C4-4E54-B249-B0BE80D8C07E}.Release|Mixed Platforms.Build.0 = Release|Any CPU
		{662087B1-13C4-4E54-B249-B0BE80D8C07E}.Release|x86.ActiveCfg = Release|Any CPU
		{1107DA39-02AE-4B6A-A6AA-CAE77D76D560}.Debug|Any CPU.ActiveCfg = Debug|Any CPU
		{1107DA39-02AE-4B6A-A6AA-CAE77D76D560}.Debug|Any CPU.Build.0 = Debug|Any CPU
		{1107DA39-02AE-4B6A-A6AA-CAE77D76D560}.Debug|Mixed Platforms.ActiveCfg = Debug|Any CPU
		{1107DA39-02AE-4B6A-A6AA-CAE77D76D560}.Debug|Mixed Platforms.Build.0 = Debug|Any CPU
		{1107DA39-02AE-4B6A-A6AA-CAE77D76D560}.Debug|x86.ActiveCfg = Debug|Any CPU
		{1107DA39-02AE-4B6A-A6AA-CAE77D76D560}.Release|Any CPU.ActiveCfg = Release|Any CPU
		{1107DA39-02AE-4B6A-A6AA-CAE77D76D560}.Release|Any CPU.Build.0 = Release|Any CPU
		{1107DA39-02AE-4B6A-A6AA-CAE77D76D560}.Release|Mixed Platforms.ActiveCfg = Release|Any CPU
		{1107DA39-02AE-4B6A-A6AA-CAE77D76D560}.Release|Mixed Platforms.Build.0 = Release|Any CPU
		{1107DA39-02AE-4B6A-A6AA-CAE77D76D560}.Release|x86.ActiveCfg = Release|Any CPU
		{B1099541-722E-4EB5-8D1E-0B849E19861C}.Debug|Any CPU.ActiveCfg = Debug|Any CPU
		{B1099541-722E-4EB5-8D1E-0B849E19861C}.Debug|Any CPU.Build.0 = Debug|Any CPU
		{B1099541-722E-4EB5-8D1E-0B849E19861C}.Debug|Mixed Platforms.ActiveCfg = Debug|Any CPU
		{B1099541-722E-4EB5-8D1E-0B849E19861C}.Debug|Mixed Platforms.Build.0 = Debug|Any CPU
		{B1099541-722E-4EB5-8D1E-0B849E19861C}.Debug|x86.ActiveCfg = Debug|Any CPU
		{B1099541-722E-4EB5-8D1E-0B849E19861C}.Release|Any CPU.ActiveCfg = Release|Any CPU
		{B1099541-722E-4EB5-8D1E-0B849E19861C}.Release|Any CPU.Build.0 = Release|Any CPU
		{B1099541-722E-4EB5-8D1E-0B849E19861C}.Release|Mixed Platforms.ActiveCfg = Release|Any CPU
		{B1099541-722E-4EB5-8D1E-0B849E19861C}.Release|Mixed Platforms.Build.0 = Release|Any CPU
		{B1099541-722E-4EB5-8D1E-0B849E19861C}.Release|x86.ActiveCfg = Release|Any CPU
		{985ABD0A-AFB8-4A85-93E9-8C17A876C857}.Debug|Any CPU.ActiveCfg = Debug|Any CPU
		{985ABD0A-AFB8-4A85-93E9-8C17A876C857}.Debug|Any CPU.Build.0 = Debug|Any CPU
		{985ABD0A-AFB8-4A85-93E9-8C17A876C857}.Debug|Mixed Platforms.ActiveCfg = Debug|Any CPU
		{985ABD0A-AFB8-4A85-93E9-8C17A876C857}.Debug|Mixed Platforms.Build.0 = Debug|Any CPU
		{985ABD0A-AFB8-4A85-93E9-8C17A876C857}.Debug|x86.ActiveCfg = Debug|Any CPU
		{985ABD0A-AFB8-4A85-93E9-8C17A876C857}.Release|Any CPU.ActiveCfg = Release|Any CPU
		{985ABD0A-AFB8-4A85-93E9-8C17A876C857}.Release|Any CPU.Build.0 = Release|Any CPU
		{985ABD0A-AFB8-4A85-93E9-8C17A876C857}.Release|Mixed Platforms.ActiveCfg = Release|Any CPU
		{985ABD0A-AFB8-4A85-93E9-8C17A876C857}.Release|Mixed Platforms.Build.0 = Release|Any CPU
		{985ABD0A-AFB8-4A85-93E9-8C17A876C857}.Release|x86.ActiveCfg = Release|Any CPU
		{71DF52BF-5BDB-420B-8C01-984E5F240866}.Debug|Any CPU.ActiveCfg = Debug|Any CPU
		{71DF52BF-5BDB-420B-8C01-984E5F240866}.Debug|Any CPU.Build.0 = Debug|Any CPU
		{71DF52BF-5BDB-420B-8C01-984E5F240866}.Debug|Mixed Platforms.ActiveCfg = Debug|Any CPU
		{71DF52BF-5BDB-420B-8C01-984E5F240866}.Debug|Mixed Platforms.Build.0 = Debug|Any CPU
		{71DF52BF-5BDB-420B-8C01-984E5F240866}.Debug|x86.ActiveCfg = Debug|Any CPU
		{71DF52BF-5BDB-420B-8C01-984E5F240866}.Release|Any CPU.ActiveCfg = Release|Any CPU
		{71DF52BF-5BDB-420B-8C01-984E5F240866}.Release|Any CPU.Build.0 = Release|Any CPU
		{71DF52BF-5BDB-420B-8C01-984E5F240866}.Release|Mixed Platforms.ActiveCfg = Release|Any CPU
		{71DF52BF-5BDB-420B-8C01-984E5F240866}.Release|Mixed Platforms.Build.0 = Release|Any CPU
		{71DF52BF-5BDB-420B-8C01-984E5F240866}.Release|x86.ActiveCfg = Release|Any CPU
		{163C0652-472C-42A8-B941-44577CA9DB90}.Debug|Any CPU.ActiveCfg = Debug|Any CPU
		{163C0652-472C-42A8-B941-44577CA9DB90}.Debug|Any CPU.Build.0 = Debug|Any CPU
		{163C0652-472C-42A8-B941-44577CA9DB90}.Debug|Mixed Platforms.ActiveCfg = Debug|Any CPU
		{163C0652-472C-42A8-B941-44577CA9DB90}.Debug|Mixed Platforms.Build.0 = Debug|Any CPU
		{163C0652-472C-42A8-B941-44577CA9DB90}.Debug|x86.ActiveCfg = Debug|Any CPU
		{163C0652-472C-42A8-B941-44577CA9DB90}.Release|Any CPU.ActiveCfg = Release|Any CPU
		{163C0652-472C-42A8-B941-44577CA9DB90}.Release|Any CPU.Build.0 = Release|Any CPU
		{163C0652-472C-42A8-B941-44577CA9DB90}.Release|Mixed Platforms.ActiveCfg = Release|Any CPU
		{163C0652-472C-42A8-B941-44577CA9DB90}.Release|Mixed Platforms.Build.0 = Release|Any CPU
		{163C0652-472C-42A8-B941-44577CA9DB90}.Release|x86.ActiveCfg = Release|Any CPU
		{09215824-230C-4E6A-8060-36CAD600699C}.Debug|Any CPU.ActiveCfg = Debug|Any CPU
		{09215824-230C-4E6A-8060-36CAD600699C}.Debug|Any CPU.Build.0 = Debug|Any CPU
		{09215824-230C-4E6A-8060-36CAD600699C}.Debug|Mixed Platforms.ActiveCfg = Debug|Any CPU
		{09215824-230C-4E6A-8060-36CAD600699C}.Debug|Mixed Platforms.Build.0 = Debug|Any CPU
		{09215824-230C-4E6A-8060-36CAD600699C}.Debug|x86.ActiveCfg = Debug|Any CPU
		{09215824-230C-4E6A-8060-36CAD600699C}.Release|Any CPU.ActiveCfg = Release|Any CPU
		{09215824-230C-4E6A-8060-36CAD600699C}.Release|Any CPU.Build.0 = Release|Any CPU
		{09215824-230C-4E6A-8060-36CAD600699C}.Release|Mixed Platforms.ActiveCfg = Release|Any CPU
		{09215824-230C-4E6A-8060-36CAD600699C}.Release|Mixed Platforms.Build.0 = Release|Any CPU
		{09215824-230C-4E6A-8060-36CAD600699C}.Release|x86.ActiveCfg = Release|Any CPU
		{4BA9E454-C822-4FFB-94CB-BECCCFD4B82A}.Debug|Any CPU.ActiveCfg = Debug|Any CPU
		{4BA9E454-C822-4FFB-94CB-BECCCFD4B82A}.Debug|Any CPU.Build.0 = Debug|Any CPU
		{4BA9E454-C822-4FFB-94CB-BECCCFD4B82A}.Debug|Mixed Platforms.ActiveCfg = Debug|Any CPU
		{4BA9E454-C822-4FFB-94CB-BECCCFD4B82A}.Debug|Mixed Platforms.Build.0 = Debug|Any CPU
		{4BA9E454-C822-4FFB-94CB-BECCCFD4B82A}.Debug|x86.ActiveCfg = Debug|Any CPU
		{4BA9E454-C822-4FFB-94CB-BECCCFD4B82A}.Release|Any CPU.ActiveCfg = Release|Any CPU
		{4BA9E454-C822-4FFB-94CB-BECCCFD4B82A}.Release|Any CPU.Build.0 = Release|Any CPU
		{4BA9E454-C822-4FFB-94CB-BECCCFD4B82A}.Release|Mixed Platforms.ActiveCfg = Release|Any CPU
		{4BA9E454-C822-4FFB-94CB-BECCCFD4B82A}.Release|Mixed Platforms.Build.0 = Release|Any CPU
		{4BA9E454-C822-4FFB-94CB-BECCCFD4B82A}.Release|x86.ActiveCfg = Release|Any CPU
		{E89AC2C3-C621-4897-819B-F39D268C3B2A}.Debug|Any CPU.ActiveCfg = Debug|Any CPU
		{E89AC2C3-C621-4897-819B-F39D268C3B2A}.Debug|Any CPU.Build.0 = Debug|Any CPU
		{E89AC2C3-C621-4897-819B-F39D268C3B2A}.Debug|Mixed Platforms.ActiveCfg = Debug|Any CPU
		{E89AC2C3-C621-4897-819B-F39D268C3B2A}.Debug|Mixed Platforms.Build.0 = Debug|Any CPU
		{E89AC2C3-C621-4897-819B-F39D268C3B2A}.Debug|x86.ActiveCfg = Debug|Any CPU
		{E89AC2C3-C621-4897-819B-F39D268C3B2A}.Release|Any CPU.ActiveCfg = Release|Any CPU
		{E89AC2C3-C621-4897-819B-F39D268C3B2A}.Release|Any CPU.Build.0 = Release|Any CPU
		{E89AC2C3-C621-4897-819B-F39D268C3B2A}.Release|Mixed Platforms.ActiveCfg = Release|Any CPU
		{E89AC2C3-C621-4897-819B-F39D268C3B2A}.Release|Mixed Platforms.Build.0 = Release|Any CPU
		{E89AC2C3-C621-4897-819B-F39D268C3B2A}.Release|x86.ActiveCfg = Release|Any CPU
		{F244EFEC-F3AA-46DD-8675-91507DB0233D}.Debug|Any CPU.ActiveCfg = Debug|Any CPU
		{F244EFEC-F3AA-46DD-8675-91507DB0233D}.Debug|Any CPU.Build.0 = Debug|Any CPU
		{F244EFEC-F3AA-46DD-8675-91507DB0233D}.Debug|Mixed Platforms.ActiveCfg = Debug|Any CPU
		{F244EFEC-F3AA-46DD-8675-91507DB0233D}.Debug|Mixed Platforms.Build.0 = Debug|Any CPU
		{F244EFEC-F3AA-46DD-8675-91507DB0233D}.Debug|x86.ActiveCfg = Debug|Any CPU
		{F244EFEC-F3AA-46DD-8675-91507DB0233D}.Release|Any CPU.ActiveCfg = Release|Any CPU
		{F244EFEC-F3AA-46DD-8675-91507DB0233D}.Release|Any CPU.Build.0 = Release|Any CPU
		{F244EFEC-F3AA-46DD-8675-91507DB0233D}.Release|Mixed Platforms.ActiveCfg = Release|Any CPU
		{F244EFEC-F3AA-46DD-8675-91507DB0233D}.Release|Mixed Platforms.Build.0 = Release|Any CPU
		{F244EFEC-F3AA-46DD-8675-91507DB0233D}.Release|x86.ActiveCfg = Release|Any CPU
		{6668028D-B327-49B4-8C1D-83A7158000FA}.Debug|Any CPU.ActiveCfg = Debug|Any CPU
		{6668028D-B327-49B4-8C1D-83A7158000FA}.Debug|Any CPU.Build.0 = Debug|Any CPU
		{6668028D-B327-49B4-8C1D-83A7158000FA}.Debug|Mixed Platforms.ActiveCfg = Debug|Any CPU
		{6668028D-B327-49B4-8C1D-83A7158000FA}.Debug|Mixed Platforms.Build.0 = Debug|Any CPU
		{6668028D-B327-49B4-8C1D-83A7158000FA}.Debug|x86.ActiveCfg = Debug|Any CPU
		{6668028D-B327-49B4-8C1D-83A7158000FA}.Release|Any CPU.ActiveCfg = Release|Any CPU
		{6668028D-B327-49B4-8C1D-83A7158000FA}.Release|Any CPU.Build.0 = Release|Any CPU
		{6668028D-B327-49B4-8C1D-83A7158000FA}.Release|Mixed Platforms.ActiveCfg = Release|Any CPU
		{6668028D-B327-49B4-8C1D-83A7158000FA}.Release|Mixed Platforms.Build.0 = Release|Any CPU
		{6668028D-B327-49B4-8C1D-83A7158000FA}.Release|x86.ActiveCfg = Release|Any CPU
		{AAFD7D5F-1D75-4A5F-B92F-EF289439D780}.Debug|Any CPU.ActiveCfg = Debug|Any CPU
		{AAFD7D5F-1D75-4A5F-B92F-EF289439D780}.Debug|Any CPU.Build.0 = Debug|Any CPU
		{AAFD7D5F-1D75-4A5F-B92F-EF289439D780}.Debug|Mixed Platforms.ActiveCfg = Debug|Any CPU
		{AAFD7D5F-1D75-4A5F-B92F-EF289439D780}.Debug|Mixed Platforms.Build.0 = Debug|Any CPU
		{AAFD7D5F-1D75-4A5F-B92F-EF289439D780}.Debug|x86.ActiveCfg = Debug|Any CPU
		{AAFD7D5F-1D75-4A5F-B92F-EF289439D780}.Release|Any CPU.ActiveCfg = Release|Any CPU
		{AAFD7D5F-1D75-4A5F-B92F-EF289439D780}.Release|Any CPU.Build.0 = Release|Any CPU
		{AAFD7D5F-1D75-4A5F-B92F-EF289439D780}.Release|Mixed Platforms.ActiveCfg = Release|Any CPU
		{AAFD7D5F-1D75-4A5F-B92F-EF289439D780}.Release|Mixed Platforms.Build.0 = Release|Any CPU
		{AAFD7D5F-1D75-4A5F-B92F-EF289439D780}.Release|x86.ActiveCfg = Release|Any CPU
		{A22105F1-ADCC-44AF-9E06-C83115104B8B}.Debug|Any CPU.ActiveCfg = Debug|Any CPU
		{A22105F1-ADCC-44AF-9E06-C83115104B8B}.Debug|Any CPU.Build.0 = Debug|Any CPU
		{A22105F1-ADCC-44AF-9E06-C83115104B8B}.Debug|Mixed Platforms.ActiveCfg = Debug|Any CPU
		{A22105F1-ADCC-44AF-9E06-C83115104B8B}.Debug|Mixed Platforms.Build.0 = Debug|Any CPU
		{A22105F1-ADCC-44AF-9E06-C83115104B8B}.Debug|x86.ActiveCfg = Debug|Any CPU
		{A22105F1-ADCC-44AF-9E06-C83115104B8B}.Release|Any CPU.ActiveCfg = Release|Any CPU
		{A22105F1-ADCC-44AF-9E06-C83115104B8B}.Release|Any CPU.Build.0 = Release|Any CPU
		{A22105F1-ADCC-44AF-9E06-C83115104B8B}.Release|Mixed Platforms.ActiveCfg = Release|Any CPU
		{A22105F1-ADCC-44AF-9E06-C83115104B8B}.Release|Mixed Platforms.Build.0 = Release|Any CPU
		{A22105F1-ADCC-44AF-9E06-C83115104B8B}.Release|x86.ActiveCfg = Release|Any CPU
		{021021F8-13F5-4298-97D2-D89B02D5BBFA}.Debug|Any CPU.ActiveCfg = Debug|Any CPU
		{021021F8-13F5-4298-97D2-D89B02D5BBFA}.Debug|Any CPU.Build.0 = Debug|Any CPU
		{021021F8-13F5-4298-97D2-D89B02D5BBFA}.Debug|Mixed Platforms.ActiveCfg = Debug|Any CPU
		{021021F8-13F5-4298-97D2-D89B02D5BBFA}.Debug|Mixed Platforms.Build.0 = Debug|Any CPU
		{021021F8-13F5-4298-97D2-D89B02D5BBFA}.Debug|x86.ActiveCfg = Debug|Any CPU
		{021021F8-13F5-4298-97D2-D89B02D5BBFA}.Release|Any CPU.ActiveCfg = Release|Any CPU
		{021021F8-13F5-4298-97D2-D89B02D5BBFA}.Release|Any CPU.Build.0 = Release|Any CPU
		{021021F8-13F5-4298-97D2-D89B02D5BBFA}.Release|Mixed Platforms.ActiveCfg = Release|Any CPU
		{021021F8-13F5-4298-97D2-D89B02D5BBFA}.Release|Mixed Platforms.Build.0 = Release|Any CPU
		{021021F8-13F5-4298-97D2-D89B02D5BBFA}.Release|x86.ActiveCfg = Release|Any CPU
		{BD47D23F-9685-46EA-8FE7-A55F96895B3D}.Debug|Any CPU.ActiveCfg = Debug|Any CPU
		{BD47D23F-9685-46EA-8FE7-A55F96895B3D}.Debug|Any CPU.Build.0 = Debug|Any CPU
		{BD47D23F-9685-46EA-8FE7-A55F96895B3D}.Debug|Mixed Platforms.ActiveCfg = Debug|Any CPU
		{BD47D23F-9685-46EA-8FE7-A55F96895B3D}.Debug|Mixed Platforms.Build.0 = Debug|Any CPU
		{BD47D23F-9685-46EA-8FE7-A55F96895B3D}.Debug|x86.ActiveCfg = Debug|Any CPU
		{BD47D23F-9685-46EA-8FE7-A55F96895B3D}.Release|Any CPU.ActiveCfg = Release|Any CPU
		{BD47D23F-9685-46EA-8FE7-A55F96895B3D}.Release|Any CPU.Build.0 = Release|Any CPU
		{BD47D23F-9685-46EA-8FE7-A55F96895B3D}.Release|Mixed Platforms.ActiveCfg = Release|Any CPU
		{BD47D23F-9685-46EA-8FE7-A55F96895B3D}.Release|Mixed Platforms.Build.0 = Release|Any CPU
		{BD47D23F-9685-46EA-8FE7-A55F96895B3D}.Release|x86.ActiveCfg = Release|Any CPU
		{1CABB967-9E36-4DF5-8B1B-A5C780771F98}.Debug|Any CPU.ActiveCfg = Debug|Any CPU
		{1CABB967-9E36-4DF5-8B1B-A5C780771F98}.Debug|Any CPU.Build.0 = Debug|Any CPU
		{1CABB967-9E36-4DF5-8B1B-A5C780771F98}.Debug|Mixed Platforms.ActiveCfg = Debug|Any CPU
		{1CABB967-9E36-4DF5-8B1B-A5C780771F98}.Debug|Mixed Platforms.Build.0 = Debug|Any CPU
		{1CABB967-9E36-4DF5-8B1B-A5C780771F98}.Debug|x86.ActiveCfg = Debug|Any CPU
		{1CABB967-9E36-4DF5-8B1B-A5C780771F98}.Release|Any CPU.ActiveCfg = Release|Any CPU
		{1CABB967-9E36-4DF5-8B1B-A5C780771F98}.Release|Any CPU.Build.0 = Release|Any CPU
		{1CABB967-9E36-4DF5-8B1B-A5C780771F98}.Release|Mixed Platforms.ActiveCfg = Release|Any CPU
		{1CABB967-9E36-4DF5-8B1B-A5C780771F98}.Release|Mixed Platforms.Build.0 = Release|Any CPU
		{1CABB967-9E36-4DF5-8B1B-A5C780771F98}.Release|x86.ActiveCfg = Release|Any CPU
		{EC5A13BE-6C11-4C43-8E44-553A318ED0BA}.Debug|Any CPU.ActiveCfg = Debug|Any CPU
		{EC5A13BE-6C11-4C43-8E44-553A318ED0BA}.Debug|Any CPU.Build.0 = Debug|Any CPU
		{EC5A13BE-6C11-4C43-8E44-553A318ED0BA}.Debug|Mixed Platforms.ActiveCfg = Debug|Any CPU
		{EC5A13BE-6C11-4C43-8E44-553A318ED0BA}.Debug|Mixed Platforms.Build.0 = Debug|Any CPU
		{EC5A13BE-6C11-4C43-8E44-553A318ED0BA}.Debug|x86.ActiveCfg = Debug|Any CPU
		{EC5A13BE-6C11-4C43-8E44-553A318ED0BA}.Release|Any CPU.ActiveCfg = Release|Any CPU
		{EC5A13BE-6C11-4C43-8E44-553A318ED0BA}.Release|Any CPU.Build.0 = Release|Any CPU
		{EC5A13BE-6C11-4C43-8E44-553A318ED0BA}.Release|Mixed Platforms.ActiveCfg = Release|Any CPU
		{EC5A13BE-6C11-4C43-8E44-553A318ED0BA}.Release|Mixed Platforms.Build.0 = Release|Any CPU
		{EC5A13BE-6C11-4C43-8E44-553A318ED0BA}.Release|x86.ActiveCfg = Release|Any CPU
		{CE591C94-BB03-4ED7-B3CE-62E93D6E8A7C}.Debug|Any CPU.ActiveCfg = Debug|x86
		{CE591C94-BB03-4ED7-B3CE-62E93D6E8A7C}.Debug|Mixed Platforms.ActiveCfg = Debug|x86
		{CE591C94-BB03-4ED7-B3CE-62E93D6E8A7C}.Debug|Mixed Platforms.Build.0 = Debug|x86
		{CE591C94-BB03-4ED7-B3CE-62E93D6E8A7C}.Debug|x86.ActiveCfg = Debug|x86
		{CE591C94-BB03-4ED7-B3CE-62E93D6E8A7C}.Debug|x86.Build.0 = Debug|x86
		{CE591C94-BB03-4ED7-B3CE-62E93D6E8A7C}.Release|Any CPU.ActiveCfg = Release|x86
		{CE591C94-BB03-4ED7-B3CE-62E93D6E8A7C}.Release|Mixed Platforms.ActiveCfg = Release|x86
		{CE591C94-BB03-4ED7-B3CE-62E93D6E8A7C}.Release|Mixed Platforms.Build.0 = Release|x86
		{CE591C94-BB03-4ED7-B3CE-62E93D6E8A7C}.Release|x86.ActiveCfg = Release|x86
		{CE591C94-BB03-4ED7-B3CE-62E93D6E8A7C}.Release|x86.Build.0 = Release|x86
		{FFF88266-4682-4365-95EB-08DF2C6C0D73}.Debug|Any CPU.ActiveCfg = Debug|Any CPU
		{FFF88266-4682-4365-95EB-08DF2C6C0D73}.Debug|Any CPU.Build.0 = Debug|Any CPU
		{FFF88266-4682-4365-95EB-08DF2C6C0D73}.Debug|Mixed Platforms.ActiveCfg = Debug|Any CPU
		{FFF88266-4682-4365-95EB-08DF2C6C0D73}.Debug|Mixed Platforms.Build.0 = Debug|Any CPU
		{FFF88266-4682-4365-95EB-08DF2C6C0D73}.Debug|x86.ActiveCfg = Debug|Any CPU
		{FFF88266-4682-4365-95EB-08DF2C6C0D73}.Release|Any CPU.ActiveCfg = Release|Any CPU
		{FFF88266-4682-4365-95EB-08DF2C6C0D73}.Release|Any CPU.Build.0 = Release|Any CPU
		{FFF88266-4682-4365-95EB-08DF2C6C0D73}.Release|Mixed Platforms.ActiveCfg = Release|Any CPU
		{FFF88266-4682-4365-95EB-08DF2C6C0D73}.Release|Mixed Platforms.Build.0 = Release|Any CPU
		{FFF88266-4682-4365-95EB-08DF2C6C0D73}.Release|x86.ActiveCfg = Release|Any CPU
		{33C09119-92FD-40C7-BE50-EA33C72974D4}.Debug|Any CPU.ActiveCfg = Debug|Any CPU
		{33C09119-92FD-40C7-BE50-EA33C72974D4}.Debug|Any CPU.Build.0 = Debug|Any CPU
		{33C09119-92FD-40C7-BE50-EA33C72974D4}.Debug|Mixed Platforms.ActiveCfg = Debug|Any CPU
		{33C09119-92FD-40C7-BE50-EA33C72974D4}.Debug|Mixed Platforms.Build.0 = Debug|Any CPU
		{33C09119-92FD-40C7-BE50-EA33C72974D4}.Debug|x86.ActiveCfg = Debug|Any CPU
		{33C09119-92FD-40C7-BE50-EA33C72974D4}.Release|Any CPU.ActiveCfg = Release|Any CPU
		{33C09119-92FD-40C7-BE50-EA33C72974D4}.Release|Any CPU.Build.0 = Release|Any CPU
		{33C09119-92FD-40C7-BE50-EA33C72974D4}.Release|Mixed Platforms.ActiveCfg = Release|Any CPU
		{33C09119-92FD-40C7-BE50-EA33C72974D4}.Release|Mixed Platforms.Build.0 = Release|Any CPU
		{33C09119-92FD-40C7-BE50-EA33C72974D4}.Release|x86.ActiveCfg = Release|Any CPU
		{B6158B58-FB91-47D8-BF8F-DA2C1891BB33}.Debug|Any CPU.ActiveCfg = Debug|Any CPU
		{B6158B58-FB91-47D8-BF8F-DA2C1891BB33}.Debug|Any CPU.Build.0 = Debug|Any CPU
		{B6158B58-FB91-47D8-BF8F-DA2C1891BB33}.Debug|Mixed Platforms.ActiveCfg = Debug|Any CPU
		{B6158B58-FB91-47D8-BF8F-DA2C1891BB33}.Debug|Mixed Platforms.Build.0 = Debug|Any CPU
		{B6158B58-FB91-47D8-BF8F-DA2C1891BB33}.Debug|x86.ActiveCfg = Debug|Any CPU
		{B6158B58-FB91-47D8-BF8F-DA2C1891BB33}.Release|Any CPU.ActiveCfg = Release|Any CPU
		{B6158B58-FB91-47D8-BF8F-DA2C1891BB33}.Release|Any CPU.Build.0 = Release|Any CPU
		{B6158B58-FB91-47D8-BF8F-DA2C1891BB33}.Release|Mixed Platforms.ActiveCfg = Release|Any CPU
		{B6158B58-FB91-47D8-BF8F-DA2C1891BB33}.Release|Mixed Platforms.Build.0 = Release|Any CPU
		{B6158B58-FB91-47D8-BF8F-DA2C1891BB33}.Release|x86.ActiveCfg = Release|Any CPU
		{DAF54ECD-C3CB-4B1B-A222-AB17A1605782}.Debug|Any CPU.ActiveCfg = Debug|Any CPU
		{DAF54ECD-C3CB-4B1B-A222-AB17A1605782}.Debug|Any CPU.Build.0 = Debug|Any CPU
		{DAF54ECD-C3CB-4B1B-A222-AB17A1605782}.Debug|Mixed Platforms.ActiveCfg = Debug|Any CPU
		{DAF54ECD-C3CB-4B1B-A222-AB17A1605782}.Debug|Mixed Platforms.Build.0 = Debug|Any CPU
		{DAF54ECD-C3CB-4B1B-A222-AB17A1605782}.Debug|x86.ActiveCfg = Debug|Any CPU
		{DAF54ECD-C3CB-4B1B-A222-AB17A1605782}.Release|Any CPU.ActiveCfg = Release|Any CPU
		{DAF54ECD-C3CB-4B1B-A222-AB17A1605782}.Release|Any CPU.Build.0 = Release|Any CPU
		{DAF54ECD-C3CB-4B1B-A222-AB17A1605782}.Release|Mixed Platforms.ActiveCfg = Release|Any CPU
		{DAF54ECD-C3CB-4B1B-A222-AB17A1605782}.Release|Mixed Platforms.Build.0 = Release|Any CPU
		{DAF54ECD-C3CB-4B1B-A222-AB17A1605782}.Release|x86.ActiveCfg = Release|Any CPU
		{9AAAEDB7-49F2-4089-902D-B6889F647F98}.Debug|Any CPU.ActiveCfg = Debug|Any CPU
		{9AAAEDB7-49F2-4089-902D-B6889F647F98}.Debug|Any CPU.Build.0 = Debug|Any CPU
		{9AAAEDB7-49F2-4089-902D-B6889F647F98}.Debug|Mixed Platforms.ActiveCfg = Debug|Any CPU
		{9AAAEDB7-49F2-4089-902D-B6889F647F98}.Debug|Mixed Platforms.Build.0 = Debug|Any CPU
		{9AAAEDB7-49F2-4089-902D-B6889F647F98}.Debug|x86.ActiveCfg = Debug|Any CPU
		{9AAAEDB7-49F2-4089-902D-B6889F647F98}.Release|Any CPU.ActiveCfg = Release|Any CPU
		{9AAAEDB7-49F2-4089-902D-B6889F647F98}.Release|Any CPU.Build.0 = Release|Any CPU
		{9AAAEDB7-49F2-4089-902D-B6889F647F98}.Release|Mixed Platforms.ActiveCfg = Release|Any CPU
		{9AAAEDB7-49F2-4089-902D-B6889F647F98}.Release|Mixed Platforms.Build.0 = Release|Any CPU
		{9AAAEDB7-49F2-4089-902D-B6889F647F98}.Release|x86.ActiveCfg = Release|Any CPU
	EndGlobalSection
	GlobalSection(SolutionProperties) = preSolution
		HideSolutionNode = FALSE
	EndGlobalSection
	GlobalSection(NestedProjects) = preSolution
		{1CABB967-9E36-4DF5-8B1B-A5C780771F98} = {7ADFDF0C-69D0-4D4A-A356-CDE08DDF9377}
		{EC5A13BE-6C11-4C43-8E44-553A318ED0BA} = {7ADFDF0C-69D0-4D4A-A356-CDE08DDF9377}
		{CE591C94-BB03-4ED7-B3CE-62E93D6E8A7C} = {7ADFDF0C-69D0-4D4A-A356-CDE08DDF9377}
		{FFF88266-4682-4365-95EB-08DF2C6C0D73} = {7ADFDF0C-69D0-4D4A-A356-CDE08DDF9377}
	EndGlobalSection
EndGlobal
