
Microsoft Visual Studio Solution File, Format Version 11.00
# Visual Studio 2010
Project("{FAE04EC0-301F-11D3-BF4B-00C04F79EFBC}") = "MSDNExamples", "ConcurrencyGyan\MSDNExamples.csproj", "{07F1FF1C-D675-45A0-BC49-2E422E000119}"
EndProject
Project("{FAE04EC0-301F-11D3-BF4B-00C04F79EFBC}") = "DowneySemaphores", "DowneySemaphores\DowneySemaphores.csproj", "{1CCC2C0D-A21D-430B-96AA-CE7EAD760FB1}"
EndProject
Project("{FAE04EC0-301F-11D3-BF4B-00C04F79EFBC}") = "DowneySemaphores.Test", "DowneySemaphores.Test\DowneySemaphores.Test.csproj", "{DC9F6345-B18F-4F4B-9F76-F0CDF8C21A06}"
EndProject
Project("{2150E333-8FDC-42A3-9474-1A3956D46DE8}") = "Solution Items", "Solution Items", "{35266955-3E70-4240-AB3D-B4000C466D55}"
	ProjectSection(SolutionItems) = preProject
		ConcurrencyGyan.vsmdi = ConcurrencyGyan.vsmdi
		Local.testsettings = Local.testsettings
		TraceAndTestImpact.testsettings = TraceAndTestImpact.testsettings
	EndProjectSection
EndProject
Global
	GlobalSection(TeamFoundationVersionControl) = preSolution
		SccNumberOfProjects = 4
		SccEnterpriseProvider = {4CA58AB2-18FA-4F8D-95D4-32DDF27D184C}
		SccTeamFoundationServer = https://tfs.codeplex.com/tfs/tfs25
		SccLocalPath0 = .
		SccProjectUniqueName1 = ConcurrencyGyan\\MSDNExamples.csproj
		SccProjectName1 = ConcurrencyGyan
		SccLocalPath1 = ConcurrencyGyan
		SccProjectUniqueName2 = DowneySemaphores\\DowneySemaphores.csproj
		SccProjectName2 = DowneySemaphores
		SccLocalPath2 = DowneySemaphores
		SccProjectUniqueName3 = DowneySemaphores.Test\\DowneySemaphores.Test.csproj
		SccProjectName3 = DowneySemaphores.Test
		SccLocalPath3 = DowneySemaphores.Test
	EndGlobalSection
	GlobalSection(TestCaseManagementSettings) = postSolution
		CategoryFile = ConcurrencyGyan.vsmdi
	EndGlobalSection
	GlobalSection(SolutionConfigurationPlatforms) = preSolution
		Debug|Any CPU = Debug|Any CPU
		Debug|Mixed Platforms = Debug|Mixed Platforms
		Debug|x86 = Debug|x86
		Release|Any CPU = Release|Any CPU
		Release|Mixed Platforms = Release|Mixed Platforms
		Release|x86 = Release|x86
	EndGlobalSection
	GlobalSection(ProjectConfigurationPlatforms) = postSolution
		{07F1FF1C-D675-45A0-BC49-2E422E000119}.Debug|Any CPU.ActiveCfg = Debug|x86
		{07F1FF1C-D675-45A0-BC49-2E422E000119}.Debug|Mixed Platforms.ActiveCfg = Debug|x86
		{07F1FF1C-D675-45A0-BC49-2E422E000119}.Debug|Mixed Platforms.Build.0 = Debug|x86
		{07F1FF1C-D675-45A0-BC49-2E422E000119}.Debug|x86.ActiveCfg = Debug|x86
		{07F1FF1C-D675-45A0-BC49-2E422E000119}.Debug|x86.Build.0 = Debug|x86
		{07F1FF1C-D675-45A0-BC49-2E422E000119}.Release|Any CPU.ActiveCfg = Release|x86
		{07F1FF1C-D675-45A0-BC49-2E422E000119}.Release|Mixed Platforms.ActiveCfg = Release|x86
		{07F1FF1C-D675-45A0-BC49-2E422E000119}.Release|Mixed Platforms.Build.0 = Release|x86
		{07F1FF1C-D675-45A0-BC49-2E422E000119}.Release|x86.ActiveCfg = Release|x86
		{07F1FF1C-D675-45A0-BC49-2E422E000119}.Release|x86.Build.0 = Release|x86
		{1CCC2C0D-A21D-430B-96AA-CE7EAD760FB1}.Debug|Any CPU.ActiveCfg = Debug|x86
		{1CCC2C0D-A21D-430B-96AA-CE7EAD760FB1}.Debug|Mixed Platforms.ActiveCfg = Debug|x86
		{1CCC2C0D-A21D-430B-96AA-CE7EAD760FB1}.Debug|Mixed Platforms.Build.0 = Debug|x86
		{1CCC2C0D-A21D-430B-96AA-CE7EAD760FB1}.Debug|x86.ActiveCfg = Debug|x86
		{1CCC2C0D-A21D-430B-96AA-CE7EAD760FB1}.Debug|x86.Build.0 = Debug|x86
		{1CCC2C0D-A21D-430B-96AA-CE7EAD760FB1}.Release|Any CPU.ActiveCfg = Release|x86
		{1CCC2C0D-A21D-430B-96AA-CE7EAD760FB1}.Release|Mixed Platforms.ActiveCfg = Release|x86
		{1CCC2C0D-A21D-430B-96AA-CE7EAD760FB1}.Release|Mixed Platforms.Build.0 = Release|x86
		{1CCC2C0D-A21D-430B-96AA-CE7EAD760FB1}.Release|x86.ActiveCfg = Release|x86
		{1CCC2C0D-A21D-430B-96AA-CE7EAD760FB1}.Release|x86.Build.0 = Release|x86
		{DC9F6345-B18F-4F4B-9F76-F0CDF8C21A06}.Debug|Any CPU.ActiveCfg = Debug|Any CPU
		{DC9F6345-B18F-4F4B-9F76-F0CDF8C21A06}.Debug|Any CPU.Build.0 = Debug|Any CPU
		{DC9F6345-B18F-4F4B-9F76-F0CDF8C21A06}.Debug|Mixed Platforms.ActiveCfg = Debug|Any CPU
		{DC9F6345-B18F-4F4B-9F76-F0CDF8C21A06}.Debug|Mixed Platforms.Build.0 = Debug|Any CPU
		{DC9F6345-B18F-4F4B-9F76-F0CDF8C21A06}.Debug|x86.ActiveCfg = Debug|Any CPU
		{DC9F6345-B18F-4F4B-9F76-F0CDF8C21A06}.Release|Any CPU.ActiveCfg = Release|Any CPU
		{DC9F6345-B18F-4F4B-9F76-F0CDF8C21A06}.Release|Any CPU.Build.0 = Release|Any CPU
		{DC9F6345-B18F-4F4B-9F76-F0CDF8C21A06}.Release|Mixed Platforms.ActiveCfg = Release|Any CPU
		{DC9F6345-B18F-4F4B-9F76-F0CDF8C21A06}.Release|Mixed Platforms.Build.0 = Release|Any CPU
		{DC9F6345-B18F-4F4B-9F76-F0CDF8C21A06}.Release|x86.ActiveCfg = Release|Any CPU
	EndGlobalSection
	GlobalSection(SolutionProperties) = preSolution
		HideSolutionNode = FALSE
	EndGlobalSection
EndGlobal
